
Microsoft Visual Studio Solution File, Format Version 12.00
# Visual Studio 15
VisualStudioVersion = 15.0.26124.0
MinimumVisualStudioVersion = 15.0.26124.0
Project("{2150E333-8FDC-42A3-9474-1A3956D46DE8}") = "src", "src", "{0DCE0B95-D03E-4686-A0C6-2A4F8D751427}"
EndProject
Project("{FAE04EC0-301F-11D3-BF4B-00C04F79EFBC}") = "CommandAPI", "src\CommandAPI\CommandAPI.csproj", "{2E2E90D1-2F72-4F32-AABA-88377388346D}"
EndProject
Project("{2150E333-8FDC-42A3-9474-1A3956D46DE8}") = "test", "test", "{0090B12F-A37A-45EC-9EAD-8B9D90591245}"
EndProject
Project("{FAE04EC0-301F-11D3-BF4B-00C04F79EFBC}") = "CommandAPI.Tests", "test\CommandAPI.Tests\CommandAPI.Tests.csproj", "{2F331F0B-38C8-404A-82F2-2FA1E7262634}"
EndProject
Global
	GlobalSection(SolutionConfigurationPlatforms) = preSolution
		Debug|Any CPU = Debug|Any CPU
		Debug|x64 = Debug|x64
		Debug|x86 = Debug|x86
		Release|Any CPU = Release|Any CPU
		Release|x64 = Release|x64
		Release|x86 = Release|x86
	EndGlobalSection
	GlobalSection(SolutionProperties) = preSolution
		HideSolutionNode = FALSE
	EndGlobalSection
	GlobalSection(ProjectConfigurationPlatforms) = postSolution
		{2E2E90D1-2F72-4F32-AABA-88377388346D}.Debug|Any CPU.ActiveCfg = Debug|Any CPU
		{2E2E90D1-2F72-4F32-AABA-88377388346D}.Debug|Any CPU.Build.0 = Debug|Any CPU
		{2E2E90D1-2F72-4F32-AABA-88377388346D}.Debug|x64.ActiveCfg = Debug|Any CPU
		{2E2E90D1-2F72-4F32-AABA-88377388346D}.Debug|x64.Build.0 = Debug|Any CPU
		{2E2E90D1-2F72-4F32-AABA-88377388346D}.Debug|x86.ActiveCfg = Debug|Any CPU
		{2E2E90D1-2F72-4F32-AABA-88377388346D}.Debug|x86.Build.0 = Debug|Any CPU
		{2E2E90D1-2F72-4F32-AABA-88377388346D}.Release|Any CPU.ActiveCfg = Release|Any CPU
		{2E2E90D1-2F72-4F32-AABA-88377388346D}.Release|Any CPU.Build.0 = Release|Any CPU
		{2E2E90D1-2F72-4F32-AABA-88377388346D}.Release|x64.ActiveCfg = Release|Any CPU
		{2E2E90D1-2F72-4F32-AABA-88377388346D}.Release|x64.Build.0 = Release|Any CPU
		{2E2E90D1-2F72-4F32-AABA-88377388346D}.Release|x86.ActiveCfg = Release|Any CPU
		{2E2E90D1-2F72-4F32-AABA-88377388346D}.Release|x86.Build.0 = Release|Any CPU
		{2F331F0B-38C8-404A-82F2-2FA1E7262634}.Debug|Any CPU.ActiveCfg = Debug|Any CPU
		{2F331F0B-38C8-404A-82F2-2FA1E7262634}.Debug|Any CPU.Build.0 = Debug|Any CPU
		{2F331F0B-38C8-404A-82F2-2FA1E7262634}.Debug|x64.ActiveCfg = Debug|Any CPU
		{2F331F0B-38C8-404A-82F2-2FA1E7262634}.Debug|x64.Build.0 = Debug|Any CPU
		{2F331F0B-38C8-404A-82F2-2FA1E7262634}.Debug|x86.ActiveCfg = Debug|Any CPU
		{2F331F0B-38C8-404A-82F2-2FA1E7262634}.Debug|x86.Build.0 = Debug|Any CPU
		{2F331F0B-38C8-404A-82F2-2FA1E7262634}.Release|Any CPU.ActiveCfg = Release|Any CPU
		{2F331F0B-38C8-404A-82F2-2FA1E7262634}.Release|Any CPU.Build.0 = Release|Any CPU
		{2F331F0B-38C8-404A-82F2-2FA1E7262634}.Release|x64.ActiveCfg = Release|Any CPU
		{2F331F0B-38C8-404A-82F2-2FA1E7262634}.Release|x64.Build.0 = Release|Any CPU
		{2F331F0B-38C8-404A-82F2-2FA1E7262634}.Release|x86.ActiveCfg = Release|Any CPU
		{2F331F0B-38C8-404A-82F2-2FA1E7262634}.Release|x86.Build.0 = Release|Any CPU
	EndGlobalSection
	GlobalSection(NestedProjects) = preSolution
		{2E2E90D1-2F72-4F32-AABA-88377388346D} = {0DCE0B95-D03E-4686-A0C6-2A4F8D751427}
		{2F331F0B-38C8-404A-82F2-2FA1E7262634} = {0090B12F-A37A-45EC-9EAD-8B9D90591245}
	EndGlobalSection
EndGlobal
